Microsoft Visual Studio Solution File, Format Version 9.00
# Visual Studio 2005
Project("{8BC9CEB8-8B4A-11D0-8D11-00A0C91BC942}") = "Rawrite32", "Rawrite32.vcproj", "{9EA9ED6D-3F92-4575-A78A-24605CB4096C}"
	ProjectSection(ProjectDependencies) = postProject
		{25B65B14-8959-416A-9A68-D57B86B07260} = {25B65B14-8959-416A-9A68-D57B86B07260}
		{2434BF44-33B4-4960-BCB6-631FDAC69419} = {2434BF44-33B4-4960-BCB6-631FDAC69419}
	EndProjectSection
EndProject
Project("{8BC9CEB8-8B4A-11D0-8D11-00A0C91BC942}") = "zlib", "zlib\zlib.vcproj", "{25B65B14-8959-416A-9A68-D57B86B07260}"
EndProject
Project("{8BC9CEB8-8B4A-11D0-8D11-00A0C91BC942}") = "libbz2", "bz2lib\libbz2.vcproj", "{2434BF44-33B4-4960-BCB6-631FDAC69419}"
EndProject
Global
	GlobalSection(SolutionConfigurationPlatforms) = preSolution
		Debug|Win32 = Debug|Win32
		Release|Win32 = Release|Win32
	EndGlobalSection
	GlobalSection(ProjectConfigurationPlatforms) = postSolution
		{9EA9ED6D-3F92-4575-A78A-24605CB4096C}.Debug|Win32.ActiveCfg = Debug|Win32
		{9EA9ED6D-3F92-4575-A78A-24605CB4096C}.Debug|Win32.Build.0 = Debug|Win32
		{9EA9ED6D-3F92-4575-A78A-24605CB4096C}.Release|Win32.ActiveCfg = Release|Win32
		{9EA9ED6D-3F92-4575-A78A-24605CB4096C}.Release|Win32.Build.0 = Release|Win32
		{25B65B14-8959-416A-9A68-D57B86B07260}.Debug|Win32.ActiveCfg = Debug|Win32
		{25B65B14-8959-416A-9A68-D57B86B07260}.Debug|Win32.Build.0 = Debug|Win32
		{25B65B14-8959-416A-9A68-D57B86B07260}.Release|Win32.ActiveCfg = Release|Win32
		{25B65B14-8959-416A-9A68-D57B86B07260}.Release|Win32.Build.0 = Release|Win32
		{2434BF44-33B4-4960-BCB6-631FDAC69419}.Debug|Win32.ActiveCfg = Debug|Win32
		{2434BF44-33B4-4960-BCB6-631FDAC69419}.Debug|Win32.Build.0 = Debug|Win32
		{2434BF44-33B4-4960-BCB6-631FDAC69419}.Release|Win32.ActiveCfg = Release|Win32
		{2434BF44-33B4-4960-BCB6-631FDAC69419}.Release|Win32.Build.0 = Release|Win32
	EndGlobalSection
	GlobalSection(SolutionProperties) = preSolution
		HideSolutionNode = FALSE
	EndGlobalSection
EndGlobal
